PODS:
  - android_intent (0.0.1):
    - Flutter
  - camera (0.0.1):
    - Flutter
  - device_info (0.0.1):
    - Flutter
  - Flutter (1.0.0)
  - flutter_webview_plugin (0.0.1):
    - Flutter
  - package_info (0.0.1):
    - Flutter
  - path_provider (0.0.1):
    - Flutter
  - permission_handler (2.2.0):
    - Flutter
  - webview_flutter (0.0.1):
    - Flutter

DEPENDENCIES:
  - android_intent (from `.symlinks/plugins/android_intent/ios`)
  - camera (from `.symlinks/plugins/camera/ios`)
  - device_info (from `.symlinks/plugins/device_info/ios`)
  - Flutter (from `.symlinks/flutter/ios`)
  - flutter_webview_plugin (from `.symlinks/plugins/flutter_webview_plugin/ios`)
  - package_info (from `.symlinks/plugins/package_info/ios`)
  - path_provider (from `.symlinks/plugins/path_provider/ios`)
  - permission_handler (from `.symlinks/plugins/permission_handler/ios`)
  - webview_flutter (from `.symlinks/plugins/webview_flutter/ios`)

EXTERNAL SOURCES:
  android_intent:
    :path: ".symlinks/plugins/android_intent/ios"
  camera:
    :path: ".symlinks/plugins/camera/ios"
  device_info:
    :path: ".symlinks/plugins/device_info/ios"
  Flutter:
    :path: ".symlinks/flutter/ios"
  flutter_webview_plugin:
    :path: ".symlinks/plugins/flutter_webview_plugin/ios"
  package_info:
    :path: ".symlinks/plugins/package_info/ios"
  path_provider:
    :path: ".symlinks/plugins/path_provider/ios"
  permission_handler:
    :path: ".symlinks/plugins/permission_handler/ios"
  webview_flutter:
    :path: ".symlinks/plugins/webview_flutter/ios"

SPEC CHECKSUMS:
  android_intent: 73316069cd1f6aac919df1c6e640cad190fd5e8b
  camera: d56ad165545ae5a0ffb892376033760a969c68c8
  device_info: 3ebad48f726348f69abd802f3334a8d1ed795fbd
  Flutter: 58dd7d1b27887414a370fcccb9e645c08ffd7a6a
  flutter_webview_plugin: ed9e8a6a96baf0c867e90e1bce2673913eeac694
  package_info: 78cabb3c322943c55d39676f4a5bfc748c01d055
  path_provider: f96fff6166a8867510d2c25fdcc346327cc4b259
  permission_handler: 976a8a94c3443d23fe33c11e98277d471f0e543d
  webview_flutter: 1aa7604e6cdb451a9b7ed2c37d5454c0b440246b

PODFILE CHECKSUM: ebd43b443038e611b86ede96e613bd6033c49497

COCOAPODS: 1.6.0
